
Microsoft Visual Studio Solution File, Format Version 12.00
# Visual Studio Version 17
VisualStudioVersion = 17.1.32421.90
MinimumVisualStudioVersion = 10.0.40219.1
Project("{FAE04EC0-301F-11D3-BF4B-00C04F79EFBC}") = "CrudWithApi", "CrudWithApi\CrudWithApi.csproj", "{27BC59C0-1AE5-47A1-9DF7-7D6285D64545}"
EndProject
Global
	GlobalSection(SolutionConfigurationPlatforms) = preSolution
		Debug|Any CPU = Debug|Any CPU
		Release|Any CPU = Release|Any CPU
	EndGlobalSection
	GlobalSection(ProjectConfigurationPlatforms) = postSolution
		{27BC59C0-1AE5-47A1-9DF7-7D6285D64545}.Debug|Any CPU.ActiveCfg = Debug|Any CPU
		{27BC59C0-1AE5-47A1-9DF7-7D6285D64545}.Debug|Any CPU.Build.0 = Debug|Any CPU
		{27BC59C0-1AE5-47A1-9DF7-7D6285D64545}.Release|Any CPU.ActiveCfg = Release|Any CPU
		{27BC59C0-1AE5-47A1-9DF7-7D6285D64545}.Release|Any CPU.Build.0 = Release|Any CPU
	EndGlobalSection
	GlobalSection(SolutionProperties) = preSolution
		HideSolutionNode = FALSE
	EndGlobalSection
	GlobalSection(ExtensibilityGlobals) = postSolution
		SolutionGuid = {1771ACC5-4090-4A3D-A451-906E810B6F28}
	EndGlobalSection
EndGlobal
